{
  "nodes": {
    "nixpkgs": {
      "locked": {
        "lastModified": 1768939350,
        "narHash": "sha256-njyGGF18+IOgvF684IyGRlDjlrUDljpqQpV6Oko3SaI=",
        "owner": "nixos",
        "repo": "nixpkgs",
        "rev": "7d79a30e475e5e4faf31ad49d9cb1001695ee16b",
        "type": "github"
      },
      "original": {
        "owner": "nixos",
        "repo": "nixpkgs",
        "type": "github"
      }
    },
    "root": {
      "inputs": {
        "nixpkgs": "nixpkgs"
      }
    }
  },
  "root": "root",
  "version": 7
}
